
Microsoft Visual Studio Solution File, Format Version 12.00
# Visual Studio 15
VisualStudioVersion = 15.0.27130.2036
MinimumVisualStudioVersion = 10.0.40219.1
Project("{FAE04EC0-301F-11D3-BF4B-00C04F79EFBC}") = "MyFirstASPCore", "MyFirstASPCore\MyFirstASPCore.csproj", "{D27CBEC8-C6F3-4D6A-BD1A-36EA4EA4D547}"
EndProject
Global
	GlobalSection(SolutionConfigurationPlatforms) = preSolution
		Debug|Any CPU = Debug|Any CPU
		Release|Any CPU = Release|Any CPU
	EndGlobalSection
	GlobalSection(ProjectConfigurationPlatforms) = postSolution
		{D27CBEC8-C6F3-4D6A-BD1A-36EA4EA4D547}.Debug|Any CPU.ActiveCfg = Debug|Any CPU
		{D27CBEC8-C6F3-4D6A-BD1A-36EA4EA4D547}.Debug|Any CPU.Build.0 = Debug|Any CPU
		{D27CBEC8-C6F3-4D6A-BD1A-36EA4EA4D547}.Release|Any CPU.ActiveCfg = Release|Any CPU
		{D27CBEC8-C6F3-4D6A-BD1A-36EA4EA4D547}.Release|Any CPU.Build.0 = Release|Any CPU
	EndGlobalSection
	GlobalSection(SolutionProperties) = preSolution
		HideSolutionNode = FALSE
	EndGlobalSection
	GlobalSection(ExtensibilityGlobals) = postSolution
		SolutionGuid = {CA4800B4-8EE6-4C10-BA00-CA50073C0BB3}
	EndGlobalSection
EndGlobal
